
Microsoft Visual Studio Solution File, Format Version 12.00
# Visual Studio Version 17
VisualStudioVersion = 17.5.33530.505
MinimumVisualStudioVersion = 10.0.40219.1
Project("{FAE04EC0-301F-11D3-BF4B-00C04F79EFBC}") = "Beca.BookInfo.API", "Beca.BookInfo.API\Beca.BookInfo.API.csproj", "{AD8BF856-5B1E-4EC8-91EC-9C4642214973}"
EndProject
Project("{FAE04EC0-301F-11D3-BF4B-00C04F79EFBC}") = "Beca.BookInfo.Data", "Beca.BookInfo.Data\Beca.BookInfo.Data.csproj", "{E05421FB-98B3-4D51-A460-DD3334EE5F5C}"
EndProject
Global
	GlobalSection(SolutionConfigurationPlatforms) = preSolution
		Debug|Any CPU = Debug|Any CPU
		Release|Any CPU = Release|Any CPU
	EndGlobalSection
	GlobalSection(ProjectConfigurationPlatforms) = postSolution
		{AD8BF856-5B1E-4EC8-91EC-9C4642214973}.Debug|Any CPU.ActiveCfg = Debug|Any CPU
		{AD8BF856-5B1E-4EC8-91EC-9C4642214973}.Debug|Any CPU.Build.0 = Debug|Any CPU
		{AD8BF856-5B1E-4EC8-91EC-9C4642214973}.Release|Any CPU.ActiveCfg = Release|Any CPU
		{AD8BF856-5B1E-4EC8-91EC-9C4642214973}.Release|Any CPU.Build.0 = Release|Any CPU
		{E05421FB-98B3-4D51-A460-DD3334EE5F5C}.Debug|Any CPU.ActiveCfg = Debug|Any CPU
		{E05421FB-98B3-4D51-A460-DD3334EE5F5C}.Debug|Any CPU.Build.0 = Debug|Any CPU
		{E05421FB-98B3-4D51-A460-DD3334EE5F5C}.Release|Any CPU.ActiveCfg = Release|Any CPU
		{E05421FB-98B3-4D51-A460-DD3334EE5F5C}.Release|Any CPU.Build.0 = Release|Any CPU
	EndGlobalSection
	GlobalSection(SolutionProperties) = preSolution
		HideSolutionNode = FALSE
	EndGlobalSection
	GlobalSection(ExtensibilityGlobals) = postSolution
		SolutionGuid = {42F0B3D5-43C8-4BCC-BF95-36106B2A1609}
	EndGlobalSection
EndGlobal
